
Microsoft Visual Studio Solution File, Format Version 12.00
Project("{FAE04EC0-301F-11D3-BF4B-00C04F79EFBC}") = "DynamoDB.ClientWrapper", "DynamoDB.ClientWrapper\DynamoDB.ClientWrapper.csproj", "{86067408-CD7A-4B89-9BF8-7FEB26F88973}"
EndProject
Project("{FAE04EC0-301F-11D3-BF4B-00C04F79EFBC}") = "DynamoDB.ClientWrapper.Tests", "DynamoDB.ClientWrapper.Tests\DynamoDB.ClientWrapper.Tests.csproj", "{B7429D63-8EE8-4374-A461-4D52162AE3D2}"
EndProject
Global
	GlobalSection(SolutionConfigurationPlatforms) = preSolution
		Debug|Any CPU = Debug|Any CPU
		Release|Any CPU = Release|Any CPU
	EndGlobalSection
	GlobalSection(ProjectConfigurationPlatforms) = postSolution
		{86067408-CD7A-4B89-9BF8-7FEB26F88973}.Debug|Any CPU.ActiveCfg = Debug|Any CPU
		{86067408-CD7A-4B89-9BF8-7FEB26F88973}.Debug|Any CPU.Build.0 = Debug|Any CPU
		{86067408-CD7A-4B89-9BF8-7FEB26F88973}.Release|Any CPU.ActiveCfg = Release|Any CPU
		{86067408-CD7A-4B89-9BF8-7FEB26F88973}.Release|Any CPU.Build.0 = Release|Any CPU
		{B7429D63-8EE8-4374-A461-4D52162AE3D2}.Debug|Any CPU.ActiveCfg = Debug|Any CPU
		{B7429D63-8EE8-4374-A461-4D52162AE3D2}.Debug|Any CPU.Build.0 = Debug|Any CPU
		{B7429D63-8EE8-4374-A461-4D52162AE3D2}.Release|Any CPU.ActiveCfg = Release|Any CPU
		{B7429D63-8EE8-4374-A461-4D52162AE3D2}.Release|Any CPU.Build.0 = Release|Any CPU
	EndGlobalSection
EndGlobal
